
Microsoft Visual Studio Solution File, Format Version 12.00
# Visual Studio Version 16
VisualStudioVersion = 16.0.29911.84
MinimumVisualStudioVersion = 10.0.40219.1
Project("{FAE04EC0-301F-11D3-BF4B-00C04F79EFBC}") = "wpfWork", "wpfWork\wpfWork.csproj", "{C49328A5-B633-43EB-A88E-0CC5408CDEA3}"
EndProject
Global
	GlobalSection(SolutionConfigurationPlatforms) = preSolution
		Debug|Any CPU = Debug|Any CPU
		Release|Any CPU = Release|Any CPU
	EndGlobalSection
	GlobalSection(ProjectConfigurationPlatforms) = postSolution
		{C49328A5-B633-43EB-A88E-0CC5408CDEA3}.Debug|Any CPU.ActiveCfg = Debug|Any CPU
		{C49328A5-B633-43EB-A88E-0CC5408CDEA3}.Debug|Any CPU.Build.0 = Debug|Any CPU
		{C49328A5-B633-43EB-A88E-0CC5408CDEA3}.Release|Any CPU.ActiveCfg = Release|Any CPU
		{C49328A5-B633-43EB-A88E-0CC5408CDEA3}.Release|Any CPU.Build.0 = Release|Any CPU
	EndGlobalSection
	GlobalSection(SolutionProperties) = preSolution
		HideSolutionNode = FALSE
	EndGlobalSection
	GlobalSection(ExtensibilityGlobals) = postSolution
		SolutionGuid = {58F939EE-0C4D-4B8D-B026-C1437E833161}
	EndGlobalSection
EndGlobal
